// !$*UTF8*$!
{
	archiveVersion = 1;
	classes = {
	};
	objectVersion = 46;
	objects = {

/* Begin PBXBuildFile section */
		8480C645199CF47C00368E81 /* RefreshSettingViewController.m in Sources */ = {isa = PBXBuildFile; fileRef = 8480C644199CF47C00368E81 /* RefreshSettingViewController.m */; };
		84C7162C199CCEE000E023E1 /* Foundation.framework in Frameworks */ = {isa = PBXBuildFile; fileRef = 84C7162B199CCEE000E023E1 /* Foundation.framework */; };
		84C7162E199CCEE000E023E1 /* CoreGraphics.framework in Frameworks */ = {isa = PBXBuildFile; fileRef = 84C7162D199CCEE000E023E1 /* CoreGraphics.framework */; };
		84C71630199CCEE000E023E1 /* UIKit.framework in Frameworks */ = {isa = PBXBuildFile; fileRef = 84C7162F199CCEE000E023E1 /* UIKit.framework */; };
		84C71636199CCEE000E023E1 /* InfoPlist.strings in Resources */ = {isa = PBXBuildFile; fileRef = 84C71634199CCEE000E023E1 /* InfoPlist.strings */; };
		84C71638199CCEE000E023E1 /* main.m in Sources */ = {isa = PBXBuildFile; fileRef = 84C71637199CCEE000E023E1 /* main.m */; };
		84C7163E199CCEE000E023E1 /* Images.xcassets in Resources */ = {isa = PBXBuildFile; fileRef = 84C7163D199CCEE000E023E1 /* Images.xcassets */; };
		84C71645199CCEE000E023E1 /* XCTest.framework in Frameworks */ = {isa = PBXBuildFile; fileRef = 84C71644199CCEE000E023E1 /* XCTest.framework */; };
		84C71646199CCEE000E023E1 /* Foundation.framework in Frameworks */ = {isa = PBXBuildFile; fileRef = 84C7162B199CCEE000E023E1 /* Foundation.framework */; };
		84C71647199CCEE000E023E1 /* UIKit.framework in Frameworks */ = {isa = PBXBuildFile; fileRef = 84C7162F199CCEE000E023E1 /* UIKit.framework */; };
		84C7164F199CCEE000E023E1 /* InfoPlist.strings in Resources */ = {isa = PBXBuildFile; fileRef = 84C7164D199CCEE000E023E1 /* InfoPlist.strings */; };
		84C71651199CCEE000E023E1 /* VsMobile_FullWeb_SettingsViewTests.m in Sources */ = {isa = PBXBuildFile; fileRef = 84C71650199CCEE000E023E1 /* VsMobile_FullWeb_SettingsViewTests.m */; };
		84C71668199CCF3400E023E1 /* 20-gear2.png in Resources */ = {isa = PBXBuildFile; fileRef = 84C7165A199CCF3300E023E1 /* 20-gear2.png */; };
		84C71669199CCF3400E023E1 /* AppDelegate.m in Sources */ = {isa = PBXBuildFile; fileRef = 84C7165C199CCF3300E023E1 /* AppDelegate.m */; };
		84C7166D199CCF3400E023E1 /* DisplayViewController.m in Sources */ = {isa = PBXBuildFile; fileRef = 84C71665199CCF3400E023E1 /* DisplayViewController.m */; };
		84C7166E199CCF3400E023E1 /* Reachability.m in Sources */ = {isa = PBXBuildFile; fileRef = 84C71667199CCF3400E023E1 /* Reachability.m */; };
		84C71670199CCFC800E023E1 /* CoreTelephony.framework in Frameworks */ = {isa = PBXBuildFile; fileRef = 84C7166F199CCFC800E023E1 /* CoreTelephony.framework */; };
		84C71672199CCFD100E023E1 /* SystemConfiguration.framework in Frameworks */ = {isa = PBXBuildFile; fileRef = 84C71671199CCFD100E023E1 /* SystemConfiguration.framework */; };
		84C71674199CCFE000E023E1 /* MessageUI.framework in Frameworks */ = {isa = PBXBuildFile; fileRef = 84C71673199CCFE000E023E1 /* MessageUI.framework */; };
		84C71677199CD11100E023E1 /* Main_iPhone.storyboard in Resources */ = {isa = PBXBuildFile; fileRef = 84C71675199CD11100E023E1 /* Main_iPhone.storyboard */; };
		84C71678199CD11100E023E1 /* Main_iPad.storyboard in Resources */ = {isa = PBXBuildFile; fileRef = 84C71676199CD11100E023E1 /* Main_iPad.storyboard */; };
		84C7167B199CD9DD00E023E1 /* SettingsView.m in Sources */ = {isa = PBXBuildFile; fileRef = 84C7167A199CD9DD00E023E1 /* SettingsView.m */; };
		84C7167D199CDF8A00E023E1 /* Configuration.plist in Resources */ = {isa = PBXBuildFile; fileRef = 84C7167C199CDF8A00E023E1 /* Configuration.plist */; };
		84F48D5419B0B35B009AAC09 /* CalendarTools.m in Sources */ = {isa = PBXBuildFile; fileRef = 84F48D5319B0B35B009AAC09 /* CalendarTools.m */; };
		84F48D5619B0B410009AAC09 /* EventKit.framework in Frameworks */ = {isa = PBXBuildFile; fileRef = 84F48D5519B0B410009AAC09 /* EventKit.framework */; };
/* End PBXBuildFile section */

/* Begin PBXContainerItemProxy section */
		84C71648199CCEE000E023E1 /* PBXContainerItemProxy */ = {
			isa = PBXContainerItemProxy;
			containerPortal = 84C71620199CCEE000E023E1 /* Project object */;
			proxyType = 1;
			remoteGlobalIDString = 84C71627199CCEE000E023E1;
			remoteInfo = VsMobile_FullWeb_SettingsView;
		};
/* End PBXContainerItemProxy section */

/* Begin PBXFileReference section */
		8480C643199CF47C00368E81 /* RefreshSettingViewController.h */ = {isa = PBXFileReference; fileEncoding = 4; lastKnownFileType = sourcecode.c.h; path = RefreshSettingViewController.h; sourceTree = "<group>"; };
		8480C644199CF47C00368E81 /* RefreshSettingViewController.m */ = {isa = PBXFileReference; fileEncoding = 4; lastKnownFileType = sourcecode.c.objc; path = RefreshSettingViewController.m; sourceTree = "<group>"; };
		84C71628199CCEE000E023E1 /* VsMobile_FullWeb_OneWebview.app */ = {isa = PBXFileReference; explicitFileType = wrapper.application; includeInIndex = 0; path = VsMobile_FullWeb_OneWebview.app; sourceTree = BUILT_PRODUCTS_DIR; };
		84C7162B199CCEE000E023E1 /* Foundation.framework */ = {isa = PBXFileReference; lastKnownFileType = wrapper.framework; name = Foundation.framework; path = System/Library/Frameworks/Foundation.framework; sourceTree = SDKROOT; };
		84C7162D199CCEE000E023E1 /* CoreGraphics.framework */ = {isa = PBXFileReference; lastKnownFileType = wrapper.framework; name = CoreGraphics.framework; path = System/Library/Frameworks/CoreGraphics.framework; sourceTree = SDKROOT; };
		84C7162F199CCEE000E023E1 /* UIKit.framework */ = {isa = PBXFileReference; lastKnownFileType = wrapper.framework; name = UIKit.framework; path = System/Library/Frameworks/UIKit.framework; sourceTree = SDKROOT; };
		84C71633199CCEE000E023E1 /* VsMobile_FullWeb_OneWebview-Info.plist */ = {isa = PBXFileReference; lastKnownFileType = text.plist.xml; path = "VsMobile_FullWeb_OneWebview-Info.plist"; sourceTree = "<group>"; };
		84C71635199CCEE000E023E1 /* en */ = {isa = PBXFileReference; lastKnownFileType = text.plist.strings; name = en; path = en.lproj/InfoPlist.strings; sourceTree = "<group>"; };
		84C71637199CCEE000E023E1 /* main.m */ = {isa = PBXFileReference; lastKnownFileType = sourcecode.c.objc; path = main.m; sourceTree = "<group>"; };
		84C71639199CCEE000E023E1 /* VsMobile_FullWeb_OneWebview-Prefix.pch */ = {isa = PBXFileReference; lastKnownFileType = sourcecode.c.h; path = "VsMobile_FullWeb_OneWebview-Prefix.pch"; sourceTree = "<group>"; };
		84C7163D199CCEE000E023E1 /* Images.xcassets */ = {isa = PBXFileReference; lastKnownFileType = folder.assetcatalog; path = Images.xcassets; sourceTree = "<group>"; };
		84C71643199CCEE000E023E1 /* VsMobile_FullWeb_OneWebviewTests.xctest */ = {isa = PBXFileReference; explicitFileType = wrapper.cfbundle; includeInIndex = 0; path = VsMobile_FullWeb_OneWebviewTests.xctest; sourceTree = BUILT_PRODUCTS_DIR; };
		84C71644199CCEE000E023E1 /* XCTest.framework */ = {isa = PBXFileReference; lastKnownFileType = wrapper.framework; name = XCTest.framework; path = Library/Frameworks/XCTest.framework; sourceTree = DEVELOPER_DIR; };
		84C7164C199CCEE000E023E1 /* VsMobile_FullWeb_OneWebviewTests-Info.plist */ = {isa = PBXFileReference; lastKnownFileType = text.plist.xml; path = "VsMobile_FullWeb_OneWebviewTests-Info.plist"; sourceTree = "<group>"; };
		84C7164E199CCEE000E023E1 /* en */ = {isa = PBXFileReference; lastKnownFileType = text.plist.strings; name = en; path = en.lproj/InfoPlist.strings; sourceTree = "<group>"; };
		84C71650199CCEE000E023E1 /* VsMobile_FullWeb_SettingsViewTests.m */ = {isa = PBXFileReference; lastKnownFileType = sourcecode.c.objc; path = VsMobile_FullWeb_SettingsViewTests.m; sourceTree = "<group>"; };
		84C7165A199CCF3300E023E1 /* 20-gear2.png */ = {isa = PBXFileReference; lastKnownFileType = image.png; path = "20-gear2.png"; sourceTree = "<group>"; };
		84C7165B199CCF3300E023E1 /* AppDelegate.h */ = {isa = PBXFileReference; fileEncoding = 4; lastKnownFileType = sourcecode.c.h; path = AppDelegate.h; sourceTree = "<group>"; };
		84C7165C199CCF3300E023E1 /* AppDelegate.m */ = {isa = PBXFileReference; fileEncoding = 4; lastKnownFileType = sourcecode.c.objc; path = AppDelegate.m; sourceTree = "<group>"; };
		84C71664199CCF3400E023E1 /* DisplayViewController.h */ = {isa = PBXFileReference; fileEncoding = 4; lastKnownFileType = sourcecode.c.h; path = DisplayViewController.h; sourceTree = "<group>"; };
		84C71665199CCF3400E023E1 /* DisplayViewController.m */ = {isa = PBXFileReference; fileEncoding = 4; lastKnownFileType = sourcecode.c.objc; path = DisplayViewController.m; sourceTree = "<group>"; };
		84C71666199CCF3400E023E1 /* Reachability.h */ = {isa = PBXFileReference; fileEncoding = 4; lastKnownFileType = sourcecode.c.h; path = Reachability.h; sourceTree = "<group>"; };
		84C71667199CCF3400E023E1 /* Reachability.m */ = {isa = PBXFileReference; fileEncoding = 4; lastKnownFileType = sourcecode.c.objc; path = Reachability.m; sourceTree = "<group>"; };
		84C7166F199CCFC800E023E1 /* CoreTelephony.framework */ = {isa = PBXFileReference; lastKnownFileType = wrapper.framework; name = CoreTelephony.framework; path = System/Library/Frameworks/CoreTelephony.framework; sourceTree = SDKROOT; };
		84C71671199CCFD100E023E1 /* SystemConfiguration.framework */ = {isa = PBXFileReference; lastKnownFileType = wrapper.framework; name = SystemConfiguration.framework; path = System/Library/Frameworks/SystemConfiguration.framework; sourceTree = SDKROOT; };
		84C71673199CCFE000E023E1 /* MessageUI.framework */ = {isa = PBXFileReference; lastKnownFileType = wrapper.framework; name = MessageUI.framework; path = System/Library/Frameworks/MessageUI.framework; sourceTree = SDKROOT; };
		84C71675199CD11100E023E1 /* Main_iPhone.storyboard */ = {isa = PBXFileReference; fileEncoding = 4; lastKnownFileType = file.storyboard; path = Main_iPhone.storyboard; sourceTree = "<group>"; };
		84C71676199CD11100E023E1 /* Main_iPad.storyboard */ = {isa = PBXFileReference; fileEncoding = 4; lastKnownFileType = file.storyboard; path = Main_iPad.storyboard; sourceTree = "<group>"; };
		84C71679199CD9DD00E023E1 /* SettingsView.h */ = {isa = PBXFileReference; fileEncoding = 4; lastKnownFileType = sourcecode.c.h; path = SettingsView.h; sourceTree = "<group>"; };
		84C7167A199CD9DD00E023E1 /* SettingsView.m */ = {isa = PBXFileReference; fileEncoding = 4; lastKnownFileType = sourcecode.c.objc; path = SettingsView.m; sourceTree = "<group>"; };
		84C7167C199CDF8A00E023E1 /* Configuration.plist */ = {isa = PBXFileReference; fileEncoding = 4; lastKnownFileType = text.plist.xml; path = Configuration.plist; sourceTree = "<group>"; };
		84F48D5219B0B35B009AAC09 /* CalendarTools.h */ = {isa = PBXFileReference; fileEncoding = 4; lastKnownFileType = sourcecode.c.h; name = CalendarTools.h; path = ../CalendarTools.h; sourceTree = "<group>"; };
		84F48D5319B0B35B009AAC09 /* CalendarTools.m */ = {isa = PBXFileReference; fileEncoding = 4; lastKnownFileType = sourcecode.c.objc; name = CalendarTools.m; path = ../CalendarTools.m; sourceTree = "<group>"; };
		84F48D5519B0B410009AAC09 /* EventKit.framework */ = {isa = PBXFileReference; lastKnownFileType = wrapper.framework; name = EventKit.framework; path = System/Library/Frameworks/EventKit.framework; sourceTree = SDKROOT; };
/* End PBXFileReference section */

/* Begin PBXFrameworksBuildPhase section */
		84C71625199CCEE000E023E1 /* Frameworks */ = {
			isa = PBXFrameworksBuildPhase;
			buildActionMask = 2147483647;
			files = (
				84F48D5619B0B410009AAC09 /* EventKit.framework in Frameworks */,
				84C71674199CCFE000E023E1 /* MessageUI.framework in Frameworks */,
				84C71672199CCFD100E023E1 /* SystemConfiguration.framework in Frameworks */,
				84C71670199CCFC800E023E1 /* CoreTelephony.framework in Frameworks */,
				84C7162E199CCEE000E023E1 /* CoreGraphics.framework in Frameworks */,
				84C71630199CCEE000E023E1 /* UIKit.framework in Frameworks */,
				84C7162C199CCEE000E023E1 /* Foundation.framework in Frameworks */,
			);
			runOnlyForDeploymentPostprocessing = 0;
		};
		84C71640199CCEE000E023E1 /* Frameworks */ = {
			isa = PBXFrameworksBuildPhase;
			buildActionMask = 2147483647;
			files = (
				84C71645199CCEE000E023E1 /* XCTest.framework in Frameworks */,
				84C71647199CCEE000E023E1 /* UIKit.framework in Frameworks */,
				84C71646199CCEE000E023E1 /* Foundation.framework in Frameworks */,
			);
			runOnlyForDeploymentPostprocessing = 0;
		};
/* End PBXFrameworksBuildPhase section */

/* Begin PBXGroup section */
		84C7161F199CCEE000E023E1 = {
			isa = PBXGroup;
			children = (
				84C71631199CCEE000E023E1 /* VsMobile_FullWeb_SettingsView */,
				84C7164A199CCEE000E023E1 /* VsMobile_FullWeb_SettingsViewTests */,
				84C7162A199CCEE000E023E1 /* Frameworks */,
				84C71629199CCEE000E023E1 /* Products */,
			);
			sourceTree = "<group>";
		};
		84C71629199CCEE000E023E1 /* Products */ = {
			isa = PBXGroup;
			children = (
				84C71628199CCEE000E023E1 /* VsMobile_FullWeb_OneWebview.app */,
				84C71643199CCEE000E023E1 /* VsMobile_FullWeb_OneWebviewTests.xctest */,
			);
			name = Products;
			sourceTree = "<group>";
		};
		84C7162A199CCEE000E023E1 /* Frameworks */ = {
			isa = PBXGroup;
			children = (
				84F48D5519B0B410009AAC09 /* EventKit.framework */,
				84C71673199CCFE000E023E1 /* MessageUI.framework */,
				84C71671199CCFD100E023E1 /* SystemConfiguration.framework */,
				84C7166F199CCFC800E023E1 /* CoreTelephony.framework */,
				84C7162B199CCEE000E023E1 /* Foundation.framework */,
				84C7162D199CCEE000E023E1 /* CoreGraphics.framework */,
				84C7162F199CCEE000E023E1 /* UIKit.framework */,
				84C71644199CCEE000E023E1 /* XCTest.framework */,
			);
			name = Frameworks;
			sourceTree = "<group>";
		};
		84C71631199CCEE000E023E1 /* VsMobile_FullWeb_SettingsView */ = {
			isa = PBXGroup;
			children = (
				84F48D5219B0B35B009AAC09 /* CalendarTools.h */,
				84F48D5319B0B35B009AAC09 /* CalendarTools.m */,
				84C7167C199CDF8A00E023E1 /* Configuration.plist */,
				84C71675199CD11100E023E1 /* Main_iPhone.storyboard */,
				84C71676199CD11100E023E1 /* Main_iPad.storyboard */,
				84C7165A199CCF3300E023E1 /* 20-gear2.png */,
				84C7165B199CCF3300E023E1 /* AppDelegate.h */,
				84C7165C199CCF3300E023E1 /* AppDelegate.m */,
				84C71664199CCF3400E023E1 /* DisplayViewController.h */,
				84C71665199CCF3400E023E1 /* DisplayViewController.m */,
				84C71666199CCF3400E023E1 /* Reachability.h */,
				84C71667199CCF3400E023E1 /* Reachability.m */,
				84C7163D199CCEE000E023E1 /* Images.xcassets */,
				84C71632199CCEE000E023E1 /* Supporting Files */,
				84C71679199CD9DD00E023E1 /* SettingsView.h */,
				84C7167A199CD9DD00E023E1 /* SettingsView.m */,
				8480C643199CF47C00368E81 /* RefreshSettingViewController.h */,
				8480C644199CF47C00368E81 /* RefreshSettingViewController.m */,
			);
			path = VsMobile_FullWeb_SettingsView;
			sourceTree = "<group>";
		};
		84C71632199CCEE000E023E1 /* Supporting Files */ = {
			isa = PBXGroup;
			children = (
				84C71633199CCEE000E023E1 /* VsMobile_FullWeb_OneWebview-Info.plist */,
				84C71634199CCEE000E023E1 /* InfoPlist.strings */,
				84C71637199CCEE000E023E1 /* main.m */,
				84C71639199CCEE000E023E1 /* VsMobile_FullWeb_OneWebview-Prefix.pch */,
			);
			name = "Supporting Files";
			sourceTree = "<group>";
		};
		84C7164A199CCEE000E023E1 /* VsMobile_FullWeb_SettingsViewTests */ = {
			isa = PBXGroup;
			children = (
				84C71650199CCEE000E023E1 /* VsMobile_FullWeb_SettingsViewTests.m */,
				84C7164B199CCEE000E023E1 /* Supporting Files */,
			);
			path = VsMobile_FullWeb_SettingsViewTests;
			sourceTree = "<group>";
		};
		84C7164B199CCEE000E023E1 /* Supporting Files */ = {
			isa = PBXGroup;
			children = (
				84C7164C199CCEE000E023E1 /* VsMobile_FullWeb_OneWebviewTests-Info.plist */,
				84C7164D199CCEE000E023E1 /* InfoPlist.strings */,
			);
			name = "Supporting Files";
			sourceTree = "<group>";
		};
/* End PBXGroup section */

/* Begin PBXNativeTarget section */
		84C71627199CCEE000E023E1 /* VsMobile_FullWeb_OneWebview */ = {
			isa = PBXNativeTarget;
			buildConfigurationList = 84C71654199CCEE000E023E1 /* Build configuration list for PBXNativeTarget "VsMobile_FullWeb_OneWebview" */;
			buildPhases = (
				84C71624199CCEE000E023E1 /* Sources */,
				84C71625199CCEE000E023E1 /* Frameworks */,
				84C71626199CCEE000E023E1 /* Resources */,
			);
			buildRules = (
			);
			dependencies = (
			);
			name = VsMobile_FullWeb_OneWebview;
			productName = VsMobile_FullWeb_SettingsView;
			productReference = 84C71628199CCEE000E023E1 /* VsMobile_FullWeb_OneWebview.app */;
			productType = "com.apple.product-type.application";
		};
		84C71642199CCEE000E023E1 /* VsMobile_FullWeb_OneWebviewTests */ = {
			isa = PBXNativeTarget;
			buildConfigurationList = 84C71657199CCEE000E023E1 /* Build configuration list for PBXNativeTarget "VsMobile_FullWeb_OneWebviewTests" */;
			buildPhases = (
				84C7163F199CCEE000E023E1 /* Sources */,
				84C71640199CCEE000E023E1 /* Frameworks */,
				84C71641199CCEE000E023E1 /* Resources */,
			);
			buildRules = (
			);
			dependencies = (
				84C71649199CCEE000E023E1 /* PBXTargetDependency */,
			);
			name = VsMobile_FullWeb_OneWebviewTests;
			productName = VsMobile_FullWeb_SettingsViewTests;
			productReference = 84C71643199CCEE000E023E1 /* VsMobile_FullWeb_OneWebviewTests.xctest */;
			productType = "com.apple.product-type.bundle.unit-test";
		};
/* End PBXNativeTarget section */

/* Begin PBXProject section */
		84C71620199CCEE000E023E1 /* Project object */ = {
			isa = PBXProject;
			attributes = {
				LastUpgradeCheck = 0510;
				ORGANIZATIONNAME = "___FULLUSERNAME___";
				TargetAttributes = {
					84C71627199CCEE000E023E1 = {
						DevelopmentTeam = 3BZ9RQY6AQ;
						SystemCapabilities = {
							com.apple.BackgroundModes = {
								enabled = 0;
							};
						};
					};
					84C71642199CCEE000E023E1 = {
						TestTargetID = 84C71627199CCEE000E023E1;
					};
				};
			};
			buildConfigurationList = 84C71623199CCEE000E023E1 /* Build configuration list for PBXProject "VsMobile_FullWeb_OneWebview" */;
			compatibilityVersion = "Xcode 3.2";
			developmentRegion = English;
			hasScannedForEncodings = 0;
			knownRegions = (
				en,
				Base,
			);
			mainGroup = 84C7161F199CCEE000E023E1;
			productRefGroup = 84C71629199CCEE000E023E1 /* Products */;
			projectDirPath = "";
			projectRoot = "";
			targets = (
				84C71627199CCEE000E023E1 /* VsMobile_FullWeb_OneWebview */,
				84C71642199CCEE000E023E1 /* VsMobile_FullWeb_OneWebviewTests */,
			);
		};
/* End PBXProject section */

/* Begin PBXResourcesBuildPhase section */
		84C71626199CCEE000E023E1 /* Resources */ = {
			isa = PBXResourcesBuildPhase;
			buildActionMask = 2147483647;
			files = (
				84C71678199CD11100E023E1 /* Main_iPad.storyboard in Resources */,
				84C71677199CD11100E023E1 /* Main_iPhone.storyboard in Resources */,
				84C71636199CCEE000E023E1 /* InfoPlist.strings in Resources */,
				84C7167D199CDF8A00E023E1 /* Configuration.plist in Resources */,
				84C71668199CCF3400E023E1 /* 20-gear2.png in Resources */,
				84C7163E199CCEE000E023E1 /* Images.xcassets in Resources */,
			);
			runOnlyForDeploymentPostprocessing = 0;
		};
		84C71641199CCEE000E023E1 /* Resources */ = {
			isa = PBXResourcesBuildPhase;
			buildActionMask = 2147483647;
			files = (
				84C7164F199CCEE000E023E1 /* InfoPlist.strings in Resources */,
			);
			runOnlyForDeploymentPostprocessing = 0;
		};
/* End PBXResourcesBuildPhase section */

/* Begin PBXSourcesBuildPhase section */
		84C71624199CCEE000E023E1 /* Sources */ = {
			isa = PBXSourcesBuildPhase;
			buildActionMask = 2147483647;
			files = (
				84C71669199CCF3400E023E1 /* AppDelegate.m in Sources */,
				8480C645199CF47C00368E81 /* RefreshSettingViewController.m in Sources */,
				84F48D5419B0B35B009AAC09 /* CalendarTools.m in Sources */,
				84C71638199CCEE000E023E1 /* main.m in Sources */,
				84C7166D199CCF3400E023E1 /* DisplayViewController.m in Sources */,
				84C7166E199CCF3400E023E1 /* Reachability.m in Sources */,
				84C7167B199CD9DD00E023E1 /* SettingsView.m in Sources */,
			);
			runOnlyForDeploymentPostprocessing = 0;
		};
		84C7163F199CCEE000E023E1 /* Sources */ = {
			isa = PBXSourcesBuildPhase;
			buildActionMask = 2147483647;
			files = (
				84C71651199CCEE000E023E1 /* VsMobile_FullWeb_SettingsViewTests.m in Sources */,
			);
			runOnlyForDeploymentPostprocessing = 0;
		};
/* End PBXSourcesBuildPhase section */

/* Begin PBXTargetDependency section */
		84C71649199CCEE000E023E1 /* PBXTargetDependency */ = {
			isa = PBXTargetDependency;
			target = 84C71627199CCEE000E023E1 /* VsMobile_FullWeb_OneWebview */;
			targetProxy = 84C71648199CCEE000E023E1 /* PBXContainerItemProxy */;
		};
/* End PBXTargetDependency section */

/* Begin PBXVariantGroup section */
		84C71634199CCEE000E023E1 /* InfoPlist.strings */ = {
			isa = PBXVariantGroup;
			children = (
				84C71635199CCEE000E023E1 /* en */,
			);
			name = InfoPlist.strings;
			sourceTree = "<group>";
		};
		84C7164D199CCEE000E023E1 /* InfoPlist.strings */ = {
			isa = PBXVariantGroup;
			children = (
				84C7164E199CCEE000E023E1 /* en */,
			);
			name = InfoPlist.strings;
			sourceTree = "<group>";
		};
/* End PBXVariantGroup section */

/* Begin XCBuildConfiguration section */
		84C71652199CCEE000E023E1 /* Debug */ = {
			isa = XCBuildConfiguration;
			buildSettings = {
				ALWAYS_SEARCH_USER_PATHS = NO;
				CLANG_CXX_LANGUAGE_STANDARD = "gnu++0x";
				CLANG_CXX_LIBRARY = "libc++";
				CLANG_ENABLE_MODULES = YES;
				CLANG_ENABLE_OBJC_ARC = YES;
				CLANG_WARN_BOOL_CONVERSION = YES;
				CLANG_WARN_CONSTANT_CONVERSION = YES;
				CLANG_WARN_DIRECT_OBJC_ISA_USAGE = YES_ERROR;
				CLANG_WARN_EMPTY_BODY = YES;
				CLANG_WARN_ENUM_CONVERSION = YES;
				CLANG_WARN_INT_CONVERSION = YES;
				CLANG_WARN_OBJC_ROOT_CLASS = YES_ERROR;
				CLANG_WARN__DUPLICATE_METHOD_MATCH = YES;
				"CODE_SIGN_IDENTITY[sdk=iphoneos*]" = "iPhone Developer";
				COPY_PHASE_STRIP = NO;
				GCC_C_LANGUAGE_STANDARD = gnu99;
				GCC_DYNAMIC_NO_PIC = NO;
				GCC_OPTIMIZATION_LEVEL = 0;
				GCC_PREPROCESSOR_DEFINITIONS = (
					"DEBUG=1",
					"$(inherited)",
				);
				GCC_SYMBOLS_PRIVATE_EXTERN = NO;
				GCC_WARN_64_TO_32_BIT_CONVERSION = YES;
				GCC_WARN_ABOUT_RETURN_TYPE = YES_ERROR;
				GCC_WARN_UNDECLARED_SELECTOR = YES;
				GCC_WARN_UNINITIALIZED_AUTOS = YES_AGGRESSIVE;
				GCC_WARN_UNUSED_FUNCTION = YES;
				GCC_WARN_UNUSED_VARIABLE = YES;
				IPHONEOS_DEPLOYMENT_TARGET = 7.1;
				ONLY_ACTIVE_ARCH = YES;
				SDKROOT = iphoneos;
				TARGETED_DEVICE_FAMILY = "1,2";
			};
			name = Debug;
		};
		84C71653199CCEE000E023E1 /* Release */ = {
			isa = XCBuildConfiguration;
			buildSettings = {
				ALWAYS_SEARCH_USER_PATHS = NO;
				CLANG_CXX_LANGUAGE_STANDARD = "gnu++0x";
				CLANG_CXX_LIBRARY = "libc++";
				CLANG_ENABLE_MODULES = YES;
				CLANG_ENABLE_OBJC_ARC = YES;
				CLANG_WARN_BOOL_CONVERSION = YES;
				CLANG_WARN_CONSTANT_CONVERSION = YES;
				CLANG_WARN_DIRECT_OBJC_ISA_USAGE = YES_ERROR;
				CLANG_WARN_EMPTY_BODY = YES;
				CLANG_WARN_ENUM_CONVERSION = YES;
				CLANG_WARN_INT_CONVERSION = YES;
				CLANG_WARN_OBJC_ROOT_CLASS = YES_ERROR;
				CLANG_WARN__DUPLICATE_METHOD_MATCH = YES;
				"CODE_SIGN_IDENTITY[sdk=iphoneos*]" = "iPhone Developer";
				COPY_PHASE_STRIP = YES;
				ENABLE_NS_ASSERTIONS = NO;
				GCC_C_LANGUAGE_STANDARD = gnu99;
				GCC_WARN_64_TO_32_BIT_CONVERSION = YES;
				GCC_WARN_ABOUT_RETURN_TYPE = YES_ERROR;
				GCC_WARN_UNDECLARED_SELECTOR = YES;
				GCC_WARN_UNINITIALIZED_AUTOS = YES_AGGRESSIVE;
				GCC_WARN_UNUSED_FUNCTION = YES;
				GCC_WARN_UNUSED_VARIABLE = YES;
				IPHONEOS_DEPLOYMENT_TARGET = 7.1;
				SDKROOT = iphoneos;
				TARGETED_DEVICE_FAMILY = "1,2";
				VALIDATE_PRODUCT = YES;
			};
			name = Release;
		};
		84C71655199CCEE000E023E1 /* Debug */ = {
			isa = XCBuildConfiguration;
			buildSettings = {
				ASSETCATALOG_COMPILER_APPICON_NAME = AppIcon;
				ASSETCATALOG_COMPILER_LAUNCHIMAGE_NAME = LaunchImage;
				CODE_SIGN_IDENTITY = "iPhone Developer";
				GCC_PRECOMPILE_PREFIX_HEADER = YES;
				GCC_PREFIX_HEADER = "VsMobile_FullWeb_SettingsView/VsMobile_FullWeb_OneWebview-Prefix.pch";
				INFOPLIST_FILE = "VsMobile_FullWeb_SettingsView/VsMobile_FullWeb_OneWebview-Info.plist";
				PRODUCT_NAME = VsMobile_FullWeb_OneWebview;
				WRAPPER_EXTENSION = app;
			};
			name = Debug;
		};
		84C71656199CCEE000E023E1 /* Release */ = {
			isa = XCBuildConfiguration;
			buildSettings = {
				ASSETCATALOG_COMPILER_APPICON_NAME = AppIcon;
				ASSETCATALOG_COMPILER_LAUNCHIMAGE_NAME = LaunchImage;
				CODE_SIGN_IDENTITY = "iPhone Developer";
				GCC_PRECOMPILE_PREFIX_HEADER = YES;
				GCC_PREFIX_HEADER = "VsMobile_FullWeb_SettingsView/VsMobile_FullWeb_OneWebview-Prefix.pch";
				INFOPLIST_FILE = "VsMobile_FullWeb_SettingsView/VsMobile_FullWeb_OneWebview-Info.plist";
				PRODUCT_NAME = VsMobile_FullWeb_OneWebview;
				WRAPPER_EXTENSION = app;
			};
			name = Release;
		};
		84C71658199CCEE000E023E1 /* Debug */ = {
			isa = XCBuildConfiguration;
			buildSettings = {
				BUNDLE_LOADER = "$(BUILT_PRODUCTS_DIR)/VsMobile_FullWeb_SettingsView.app/VsMobile_FullWeb_SettingsView";
				FRAMEWORK_SEARCH_PATHS = (
					"$(SDKROOT)/Developer/Library/Frameworks",
					"$(inherited)",
					"$(DEVELOPER_FRAMEWORKS_DIR)",
				);
				GCC_PRECOMPILE_PREFIX_HEADER = YES;
				GCC_PREFIX_HEADER = "VsMobile_FullWeb_SettingsView/VsMobile_FullWeb_SettingsView-Prefix.pch";
				GCC_PREPROCESSOR_DEFINITIONS = (
					"DEBUG=1",
					"$(inherited)",
				);
				INFOPLIST_FILE = "VsMobile_FullWeb_SettingsViewTests/VsMobile_FullWeb_OneWebviewTests-Info.plist";
				PRODUCT_NAME = VsMobile_FullWeb_OneWebviewTests;
				TEST_HOST = "$(BUNDLE_LOADER)";
				WRAPPER_EXTENSION = xctest;
			};
			name = Debug;
		};
		84C71659199CCEE000E023E1 /* Release */ = {
			isa = XCBuildConfiguration;
			buildSettings = {
				BUNDLE_LOADER = "$(BUILT_PRODUCTS_DIR)/VsMobile_FullWeb_SettingsView.app/VsMobile_FullWeb_SettingsView";
				FRAMEWORK_SEARCH_PATHS = (
					"$(SDKROOT)/Developer/Library/Frameworks",
					"$(inherited)",
					"$(DEVELOPER_FRAMEWORKS_DIR)",
				);
				GCC_PRECOMPILE_PREFIX_HEADER = YES;
				GCC_PREFIX_HEADER = "VsMobile_FullWeb_SettingsView/VsMobile_FullWeb_SettingsView-Prefix.pch";
				INFOPLIST_FILE = "VsMobile_FullWeb_SettingsViewTests/VsMobile_FullWeb_OneWebviewTests-Info.plist";
				PRODUCT_NAME = VsMobile_FullWeb_OneWebviewTests;
				TEST_HOST = "$(BUNDLE_LOADER)";
				WRAPPER_EXTENSION = xctest;
			};
			name = Release;
		};
/* End XCBuildConfiguration section */

/* Begin XCConfigurationList section */
		84C71623199CCEE000E023E1 /* Build configuration list for PBXProject "VsMobile_FullWeb_OneWebview" */ = {
			isa = XCConfigurationList;
			buildConfigurations = (
				84C71652199CCEE000E023E1 /* Debug */,
				84C71653199CCEE000E023E1 /* Release */,
			);
			defaultConfigurationIsVisible = 0;
			defaultConfigurationName = Release;
		};
		84C71654199CCEE000E023E1 /* Build configuration list for PBXNativeTarget "VsMobile_FullWeb_OneWebview" */ = {
			isa = XCConfigurationList;
			buildConfigurations = (
				84C71655199CCEE000E023E1 /* Debug */,
				84C71656199CCEE000E023E1 /* Release */,
			);
			defaultConfigurationIsVisible = 0;
			defaultConfigurationName = Release;
		};
		84C71657199CCEE000E023E1 /* Build configuration list for PBXNativeTarget "VsMobile_FullWeb_OneWebviewTests" */ = {
			isa = XCConfigurationList;
			buildConfigurations = (
				84C71658199CCEE000E023E1 /* Debug */,
				84C71659199CCEE000E023E1 /* Release */,
			);
			defaultConfigurationIsVisible = 0;
			defaultConfigurationName = Release;
		};
/* End XCConfigurationList section */
	};
	rootObject = 84C71620199CCEE000E023E1 /* Project object */;
}
